Microsoft Visual Studio Solution File, Format Version 12.00
# Visual Studio 2012
Project("{FAE04EC0-301F-11D3-BF4B-00C04F79EFBC}") = "Sokoban", "Sokoban.csproj", "{CF02D0A0-0A8D-4697-9867-EEB8EE89B97D}"
EndProject
Global
	GlobalSection(SolutionConfigurationPlatforms) = preSolution
	Debug|Any CPU = Debug|Any CPU
	ExportDebug|Any CPU = ExportDebug|Any CPU
	ExportRelease|Any CPU = ExportRelease|Any CPU
	EndGlobalSection
	GlobalSection(ProjectConfigurationPlatforms) = postSolution
		{CF02D0A0-0A8D-4697-9867-EEB8EE89B97D}.Debug|Any CPU.ActiveCfg = Debug|Any CPU
		{CF02D0A0-0A8D-4697-9867-EEB8EE89B97D}.Debug|Any CPU.Build.0 = Debug|Any CPU
		{CF02D0A0-0A8D-4697-9867-EEB8EE89B97D}.ExportDebug|Any CPU.ActiveCfg = ExportDebug|Any CPU
		{CF02D0A0-0A8D-4697-9867-EEB8EE89B97D}.ExportDebug|Any CPU.Build.0 = ExportDebug|Any CPU
		{CF02D0A0-0A8D-4697-9867-EEB8EE89B97D}.ExportRelease|Any CPU.ActiveCfg = ExportRelease|Any CPU
		{CF02D0A0-0A8D-4697-9867-EEB8EE89B97D}.ExportRelease|Any CPU.Build.0 = ExportRelease|Any CPU
	EndGlobalSection
EndGlobal
